
Microsoft Visual Studio Solution File, Format Version 12.00
# Visual Studio Express 2013 for Web
VisualStudioVersion = 12.0.21005.1
MinimumVisualStudioVersion = 10.0.40219.1
Project("{FAE04EC0-301F-11D3-BF4B-00C04F79EFBC}") = "OldMcDonald.web", "OldMcDonald.web\OldMcDonald.web.csproj", "{62C2EAE1-3A9C-44C8-9DEA-B9591FA2478E}"
EndProject
Project("{FAE04EC0-301F-11D3-BF4B-00C04F79EFBC}") = "Application.data", "Application.data\Application.data.csproj", "{8778C30B-5E72-4359-9D89-439C46614BFA}"
EndProject
Project("{FAE04EC0-301F-11D3-BF4B-00C04F79EFBC}") = "Application.data.models", "Application.data.models\Application.data.models.csproj", "{652B837F-0D65-47D7-8258-F2363BD3F307}"
EndProject
Global
	GlobalSection(SolutionConfigurationPlatforms) = preSolution
		Debug|Any CPU = Debug|Any CPU
		Release|Any CPU = Release|Any CPU
	EndGlobalSection
	GlobalSection(ProjectConfigurationPlatforms) = postSolution
		{62C2EAE1-3A9C-44C8-9DEA-B9591FA2478E}.Debug|Any CPU.ActiveCfg = Debug|Any CPU
		{62C2EAE1-3A9C-44C8-9DEA-B9591FA2478E}.Debug|Any CPU.Build.0 = Debug|Any CPU
		{62C2EAE1-3A9C-44C8-9DEA-B9591FA2478E}.Release|Any CPU.ActiveCfg = Release|Any CPU
		{62C2EAE1-3A9C-44C8-9DEA-B9591FA2478E}.Release|Any CPU.Build.0 = Release|Any CPU
		{8778C30B-5E72-4359-9D89-439C46614BFA}.Debug|Any CPU.ActiveCfg = Debug|Any CPU
		{8778C30B-5E72-4359-9D89-439C46614BFA}.Debug|Any CPU.Build.0 = Debug|Any CPU
		{8778C30B-5E72-4359-9D89-439C46614BFA}.Release|Any CPU.ActiveCfg = Release|Any CPU
		{8778C30B-5E72-4359-9D89-439C46614BFA}.Release|Any CPU.Build.0 = Release|Any CPU
		{652B837F-0D65-47D7-8258-F2363BD3F307}.Debug|Any CPU.ActiveCfg = Debug|Any CPU
		{652B837F-0D65-47D7-8258-F2363BD3F307}.Debug|Any CPU.Build.0 = Debug|Any CPU
		{652B837F-0D65-47D7-8258-F2363BD3F307}.Release|Any CPU.ActiveCfg = Release|Any CPU
		{652B837F-0D65-47D7-8258-F2363BD3F307}.Release|Any CPU.Build.0 = Release|Any CPU
	EndGlobalSection
	GlobalSection(SolutionProperties) = preSolution
		HideSolutionNode = FALSE
	EndGlobalSection
EndGlobal
